
Microsoft Visual Studio Solution File, Format Version 12.00
# Visual Studio Version 16
VisualStudioVersion = 16.0.30114.105
MinimumVisualStudioVersion = 10.0.40219.1
Project("{FAE04EC0-301F-11D3-BF4B-00C04F79EFBC}") = "BuberBreakfast.Contracts", "BuberBreakfast.Contracts\BuberBreakfast.Contracts.csproj", "{D724D19D-E5B3-4BE7-B454-74FE658F4A07}"
EndProject
Project("{FAE04EC0-301F-11D3-BF4B-00C04F79EFBC}") = "BuberBreakfast", "BuberBreakfast\BuberBreakfast.csproj", "{337AEEFE-15E7-4F16-89CC-2CEAE42D5FA6}"
EndProject
Global
	GlobalSection(SolutionConfigurationPlatforms) = preSolution
		Debug|Any CPU = Debug|Any CPU
		Release|Any CPU = Release|Any CPU
	EndGlobalSection
	GlobalSection(SolutionProperties) = preSolution
		HideSolutionNode = FALSE
	EndGlobalSection
	GlobalSection(ProjectConfigurationPlatforms) = postSolution
		{D724D19D-E5B3-4BE7-B454-74FE658F4A07}.Debug|Any CPU.ActiveCfg = Debug|Any CPU
		{D724D19D-E5B3-4BE7-B454-74FE658F4A07}.Debug|Any CPU.Build.0 = Debug|Any CPU
		{D724D19D-E5B3-4BE7-B454-74FE658F4A07}.Release|Any CPU.ActiveCfg = Release|Any CPU
		{D724D19D-E5B3-4BE7-B454-74FE658F4A07}.Release|Any CPU.Build.0 = Release|Any CPU
		{337AEEFE-15E7-4F16-89CC-2CEAE42D5FA6}.Debug|Any CPU.ActiveCfg = Debug|Any CPU
		{337AEEFE-15E7-4F16-89CC-2CEAE42D5FA6}.Debug|Any CPU.Build.0 = Debug|Any CPU
		{337AEEFE-15E7-4F16-89CC-2CEAE42D5FA6}.Release|Any CPU.ActiveCfg = Release|Any CPU
		{337AEEFE-15E7-4F16-89CC-2CEAE42D5FA6}.Release|Any CPU.Build.0 = Release|Any CPU
	EndGlobalSection
EndGlobal
